
Microsoft Visual Studio Solution File, Format Version 12.00
# Visual Studio Version 16
VisualStudioVersion = 16.0.31229.75
MinimumVisualStudioVersion = 10.0.40219.1
Project("{2150E333-8FDC-42A3-9474-1A3956D46DE8}") = "src", "src", "{0B46A216-6EF1-4653-8917-3220F66B3BE0}"
EndProject
Project("{2150E333-8FDC-42A3-9474-1A3956D46DE8}") = "Services", "Services", "{895CB73C-E000-4BC3-83E2-5581D6EB41B5}"
EndProject
Project("{2150E333-8FDC-42A3-9474-1A3956D46DE8}") = "TaxaJuros", "TaxaJuros", "{31691773-8B6E-4576-82A2-6FFD666261C5}"
EndProject
Project("{9A19103F-16F7-4668-BE54-9A1E7A4F7556}") = "MMM.Test.TaxaJuros.Api", "src\Services\TaxaJuros\MMM.Test.TaxaJuros\MMM.Test.TaxaJuros.Api.csproj", "{D11D5FE5-13D5-4395-8D85-EB5D82D66095}"
EndProject
Project("{2150E333-8FDC-42A3-9474-1A3956D46DE8}") = "Solution Items", "Solution Items", "{3715C2AD-2B35-4E23-B6EC-2FCB659F4329}"
	ProjectSection(SolutionItems) = preProject
		.editorconfig = .editorconfig
	EndProjectSection
EndProject
Project("{2150E333-8FDC-42A3-9474-1A3956D46DE8}") = "CalculoJuros", "CalculoJuros", "{B3F0D83F-922B-48BA-884A-8AA441102E75}"
EndProject
Project("{9A19103F-16F7-4668-BE54-9A1E7A4F7556}") = "MMM.Teste.CalculoJuros.Api", "src\Services\CalculoJuros\MMM.Teste.CalculoJuros.Api\MMM.Teste.CalculoJuros.Api.csproj", "{4488AB67-D773-4EDD-8F9C-50AA23FB6150}"
EndProject
Project("{9A19103F-16F7-4668-BE54-9A1E7A4F7556}") = "MMM.Teste.CalculoJuros.Application", "src\Services\CalculoJuros\MMM.Teste.CalculoJuros.Application\MMM.Teste.CalculoJuros.Application.csproj", "{F2144CD3-2C26-4BE7-8C6B-DF27F07BA3D7}"
EndProject
Project("{9A19103F-16F7-4668-BE54-9A1E7A4F7556}") = "MMM.Teste.CalculoJuros", "src\Services\CalculoJuros\MMM.Teste.CalculoJuros\MMM.Teste.CalculoJuros.csproj", "{1EA3473D-0732-47A2-BE36-7778FFFD2BBB}"
EndProject
Project("{2150E333-8FDC-42A3-9474-1A3956D46DE8}") = "Core", "Core", "{DE48BDA6-5CF6-47F9-8E4E-60FC017D0D80}"
EndProject
Project("{9A19103F-16F7-4668-BE54-9A1E7A4F7556}") = "MMM.Test.Core", "src\Core\MMM.Test.Core\MMM.Test.Core.csproj", "{F65984BE-DCC3-4DC8-9F30-83C23BBAE70B}"
EndProject
Project("{2150E333-8FDC-42A3-9474-1A3956D46DE8}") = "tests", "tests", "{F1BA422B-4B79-4A0A-A945-981068B7BAFE}"
EndProject
Global
	GlobalSection(SolutionConfigurationPlatforms) = preSolution
		Debug|Any CPU = Debug|Any CPU
		Release|Any CPU = Release|Any CPU
	EndGlobalSection
	GlobalSection(ProjectConfigurationPlatforms) = postSolution
		{D11D5FE5-13D5-4395-8D85-EB5D82D66095}.Debug|Any CPU.ActiveCfg = Debug|Any CPU
		{D11D5FE5-13D5-4395-8D85-EB5D82D66095}.Debug|Any CPU.Build.0 = Debug|Any CPU
		{D11D5FE5-13D5-4395-8D85-EB5D82D66095}.Release|Any CPU.ActiveCfg = Release|Any CPU
		{D11D5FE5-13D5-4395-8D85-EB5D82D66095}.Release|Any CPU.Build.0 = Release|Any CPU
		{4488AB67-D773-4EDD-8F9C-50AA23FB6150}.Debug|Any CPU.ActiveCfg = Debug|Any CPU
		{4488AB67-D773-4EDD-8F9C-50AA23FB6150}.Debug|Any CPU.Build.0 = Debug|Any CPU
		{4488AB67-D773-4EDD-8F9C-50AA23FB6150}.Release|Any CPU.ActiveCfg = Release|Any CPU
		{4488AB67-D773-4EDD-8F9C-50AA23FB6150}.Release|Any CPU.Build.0 = Release|Any CPU
		{F2144CD3-2C26-4BE7-8C6B-DF27F07BA3D7}.Debug|Any CPU.ActiveCfg = Debug|Any CPU
		{F2144CD3-2C26-4BE7-8C6B-DF27F07BA3D7}.Debug|Any CPU.Build.0 = Debug|Any CPU
		{F2144CD3-2C26-4BE7-8C6B-DF27F07BA3D7}.Release|Any CPU.ActiveCfg = Release|Any CPU
		{F2144CD3-2C26-4BE7-8C6B-DF27F07BA3D7}.Release|Any CPU.Build.0 = Release|Any CPU
		{1EA3473D-0732-47A2-BE36-7778FFFD2BBB}.Debug|Any CPU.ActiveCfg = Debug|Any CPU
		{1EA3473D-0732-47A2-BE36-7778FFFD2BBB}.Debug|Any CPU.Build.0 = Debug|Any CPU
		{1EA3473D-0732-47A2-BE36-7778FFFD2BBB}.Release|Any CPU.ActiveCfg = Release|Any CPU
		{1EA3473D-0732-47A2-BE36-7778FFFD2BBB}.Release|Any CPU.Build.0 = Release|Any CPU
		{F65984BE-DCC3-4DC8-9F30-83C23BBAE70B}.Debug|Any CPU.ActiveCfg = Debug|Any CPU
		{F65984BE-DCC3-4DC8-9F30-83C23BBAE70B}.Debug|Any CPU.Build.0 = Debug|Any CPU
		{F65984BE-DCC3-4DC8-9F30-83C23BBAE70B}.Release|Any CPU.ActiveCfg = Release|Any CPU
		{F65984BE-DCC3-4DC8-9F30-83C23BBAE70B}.Release|Any CPU.Build.0 = Release|Any CPU
	EndGlobalSection
	GlobalSection(SolutionProperties) = preSolution
		HideSolutionNode = FALSE
	EndGlobalSection
	GlobalSection(NestedProjects) = preSolution
		{895CB73C-E000-4BC3-83E2-5581D6EB41B5} = {0B46A216-6EF1-4653-8917-3220F66B3BE0}
		{31691773-8B6E-4576-82A2-6FFD666261C5} = {895CB73C-E000-4BC3-83E2-5581D6EB41B5}
		{D11D5FE5-13D5-4395-8D85-EB5D82D66095} = {31691773-8B6E-4576-82A2-6FFD666261C5}
		{B3F0D83F-922B-48BA-884A-8AA441102E75} = {895CB73C-E000-4BC3-83E2-5581D6EB41B5}
		{4488AB67-D773-4EDD-8F9C-50AA23FB6150} = {B3F0D83F-922B-48BA-884A-8AA441102E75}
		{F2144CD3-2C26-4BE7-8C6B-DF27F07BA3D7} = {B3F0D83F-922B-48BA-884A-8AA441102E75}
		{1EA3473D-0732-47A2-BE36-7778FFFD2BBB} = {B3F0D83F-922B-48BA-884A-8AA441102E75}
		{DE48BDA6-5CF6-47F9-8E4E-60FC017D0D80} = {0B46A216-6EF1-4653-8917-3220F66B3BE0}
		{F65984BE-DCC3-4DC8-9F30-83C23BBAE70B} = {DE48BDA6-5CF6-47F9-8E4E-60FC017D0D80}
	EndGlobalSection
	GlobalSection(ExtensibilityGlobals) = postSolution
		SolutionGuid = {71FD52D3-EAF1-4A3C-AF57-CF8614C90874}
	EndGlobalSection
EndGlobal
